PODS:
  - Alamofire (3.4.1)
  - Realm (1.0.1):
    - Realm/Headers (= 1.0.1)
  - Realm/Headers (1.0.1)
  - RealmSwift (1.0.1):
    - Realm (= 1.0.1)
  - SDWebImage (3.8.1):
    - SDWebImage/Core (= 3.8.1)
  - SDWebImage/Core (3.8.1)
  - Stripe (7.0.2)
  - SwiftDate (3.0.8)
  - SwiftLocation (0.9.0)
  - SwiftyJSON (2.3.2)
  - SwiftyUserDefaults (2.2.0)

DEPENDENCIES:
  - Alamofire (~> 3.0)
  - RealmSwift
  - SDWebImage (~> 3.7)
  - Stripe
  - SwiftDate
  - SwiftLocation
  - SwiftyJSON
  - SwiftyUserDefaults

SPEC CHECKSUMS:
  Alamofire: 01a82e2f6c0f860ade35534c8dd88be61bdef40c
  Realm: 2e15e39d35b08abb529e212ed5d8af107b5236c8
  RealmSwift: d73ea2af08c3676dbdd5e4b669651a0f492162a4
  SDWebImage: 35f9627a3e44b4f292a8a8ce6a531fa488239b91
  Stripe: d1eae5522cf993590f962ac1829a56c2096cf486
  SwiftDate: 971f8b9394f664f2226b9c3ab64e801a7291c612
  SwiftLocation: f18e71300a89f2a81001c9615b7694150e6b84de
  SwiftyJSON: 04ccea08915aa0109039157c7974cf0298da292a
  SwiftyUserDefaults: e7c8197a9d4068702e7f2406a968cae413b8de27

PODFILE CHECKSUM: 0e822d7382d5c15173b532063ce51810bbea4646

COCOAPODS: 1.0.0
