// !$*UTF8*$!
{
	archiveVersion = 1;
	classes = {
	};
	objectVersion = 46;
	objects = {

/* Begin PBXBuildFile section */
		23E1694B1D33F7F500431EBF /* AppDelegate.swift in Sources */ = {isa = PBXBuildFile; fileRef = 23E1694A1D33F7F500431EBF /* AppDelegate.swift */; };
		23E1694D1D33F7F500431EBF /* ViewController.swift in Sources */ = {isa = PBXBuildFile; fileRef = 23E1694C1D33F7F500431EBF /* ViewController.swift */; };
		23E169501D33F7F500431EBF /* Main.storyboard in Resources */ = {isa = PBXBuildFile; fileRef = 23E1694E1D33F7F500431EBF /* Main.storyboard */; };
		23E169521D33F7F500431EBF /* Assets.xcassets in Resources */ = {isa = PBXBuildFile; fileRef = 23E169511D33F7F500431EBF /* Assets.xcassets */; };
		23E169551D33F7F500431EBF /* LaunchScreen.storyboard in Resources */ = {isa = PBXBuildFile; fileRef = 23E169531D33F7F500431EBF /* LaunchScreen.storyboard */; };
		4B6D503544CE67E04088D09F /* Pods_Restaurant2.framework in Frameworks */ = {isa = PBXBuildFile; fileRef = 8210A2FEBDBFEFDCD72224ED /* Pods_Restaurant2.framework */; };
/* End PBXBuildFile section */

/* Begin PBXFileReference section */
		23E169471D33F7F500431EBF /* Restaurant2.app */ = {isa = PBXFileReference; explicitFileType = wrapper.application; includeInIndex = 0; path = Restaurant2.app; sourceTree = BUILT_PRODUCTS_DIR; };
		23E1694A1D33F7F500431EBF /* AppDelegate.swift */ = {isa = PBXFileReference; lastKnownFileType = sourcecode.swift; path = AppDelegate.swift; sourceTree = "<group>"; };
		23E1694C1D33F7F500431EBF /* ViewController.swift */ = {isa = PBXFileReference; lastKnownFileType = sourcecode.swift; path = ViewController.swift; sourceTree = "<group>"; };
		23E1694F1D33F7F500431EBF /* Base */ = {isa = PBXFileReference; lastKnownFileType = file.storyboard; name = Base; path = Base.lproj/Main.storyboard; sourceTree = "<group>"; };
		23E169511D33F7F500431EBF /* Assets.xcassets */ = {isa = PBXFileReference; lastKnownFileType = folder.assetcatalog; path = Assets.xcassets; sourceTree = "<group>"; };
		23E169541D33F7F500431EBF /* Base */ = {isa = PBXFileReference; lastKnownFileType = file.storyboard; name = Base; path = Base.lproj/LaunchScreen.storyboard; sourceTree = "<group>"; };
		23E169561D33F7F500431EBF /* Info.plist */ = {isa = PBXFileReference; lastKnownFileType = text.plist.xml; path = Info.plist; sourceTree = "<group>"; };
		3646C1BEBB7E14A424787F26 /* Pods-Restaurant2.release.xcconfig */ = {isa = PBXFileReference; includeInIndex = 1; lastKnownFileType = text.xcconfig; name = "Pods-Restaurant2.release.xcconfig"; path = "Pods/Target Support Files/Pods-Restaurant2/Pods-Restaurant2.release.xcconfig"; sourceTree = "<group>"; };
		5C5DF7E619264262F0F5D50F /* Pods-Restaurant2.debug.xcconfig */ = {isa = PBXFileReference; includeInIndex = 1; lastKnownFileType = text.xcconfig; name = "Pods-Restaurant2.debug.xcconfig"; path = "Pods/Target Support Files/Pods-Restaurant2/Pods-Restaurant2.debug.xcconfig"; sourceTree = "<group>"; };
		8210A2FEBDBFEFDCD72224ED /* Pods_Restaurant2.framework */ = {isa = PBXFileReference; explicitFileType = wrapper.framework; includeInIndex = 0; path = Pods_Restaurant2.framework; sourceTree = BUILT_PRODUCTS_DIR; };
/* End PBXFileReference section */

/* Begin PBXFrameworksBuildPhase section */
		23E169441D33F7F500431EBF /* Frameworks */ = {
			isa = PBXFrameworksBuildPhase;
			buildActionMask = 2147483647;
			files = (
				4B6D503544CE67E04088D09F /* Pods_Restaurant2.framework in Frameworks */,
			);
			runOnlyForDeploymentPostprocessing = 0;
		};
/* End PBXFrameworksBuildPhase section */

/* Begin PBXGroup section */
		23E1693E1D33F7F500431EBF = {
			isa = PBXGroup;
			children = (
				23E169491D33F7F500431EBF /* Restaurant2 */,
				23E169481D33F7F500431EBF /* Products */,
				CB254E058E7690D655306140 /* Pods */,
				DF3D693DD53583B73A144415 /* Frameworks */,
			);
			sourceTree = "<group>";
		};
		23E169481D33F7F500431EBF /* Products */ = {
			isa = PBXGroup;
			children = (
				23E169471D33F7F500431EBF /* Restaurant2.app */,
			);
			name = Products;
			sourceTree = "<group>";
		};
		23E169491D33F7F500431EBF /* Restaurant2 */ = {
			isa = PBXGroup;
			children = (
				23E1694A1D33F7F500431EBF /* AppDelegate.swift */,
				23E1694C1D33F7F500431EBF /* ViewController.swift */,
				23E1694E1D33F7F500431EBF /* Main.storyboard */,
				23E169511D33F7F500431EBF /* Assets.xcassets */,
				23E169531D33F7F500431EBF /* LaunchScreen.storyboard */,
				23E169561D33F7F500431EBF /* Info.plist */,
			);
			path = Restaurant2;
			sourceTree = "<group>";
		};
		CB254E058E7690D655306140 /* Pods */ = {
			isa = PBXGroup;
			children = (
				5C5DF7E619264262F0F5D50F /* Pods-Restaurant2.debug.xcconfig */,
				3646C1BEBB7E14A424787F26 /* Pods-Restaurant2.release.xcconfig */,
			);
			name = Pods;
			sourceTree = "<group>";
		};
		DF3D693DD53583B73A144415 /* Frameworks */ = {
			isa = PBXGroup;
			children = (
				8210A2FEBDBFEFDCD72224ED /* Pods_Restaurant2.framework */,
			);
			name = Frameworks;
			sourceTree = "<group>";
		};
/* End PBXGroup section */

/* Begin PBXNativeTarget section */
		23E169461D33F7F500431EBF /* Restaurant2 */ = {
			isa = PBXNativeTarget;
			buildConfigurationList = 23E169591D33F7F500431EBF /* Build configuration list for PBXNativeTarget "Restaurant2" */;
			buildPhases = (
				B1D613718B1E8CD633457781 /* 📦 Check Pods Manifest.lock */,
				23E169431D33F7F500431EBF /* Sources */,
				23E169441D33F7F500431EBF /* Frameworks */,
				23E169451D33F7F500431EBF /* Resources */,
				32A6C871880BE5C6DA7D965D /* 📦 Embed Pods Frameworks */,
				21C2DF8FC0B94C57E3F76606 /* 📦 Copy Pods Resources */,
			);
			buildRules = (
			);
			dependencies = (
			);
			name = Restaurant2;
			productName = Restaurant2;
			productReference = 23E169471D33F7F500431EBF /* Restaurant2.app */;
			productType = "com.apple.product-type.application";
		};
/* End PBXNativeTarget section */

/* Begin PBXProject section */
		23E1693F1D33F7F500431EBF /* Project object */ = {
			isa = PBXProject;
			attributes = {
				LastSwiftUpdateCheck = 0730;
				LastUpgradeCheck = 0730;
				ORGANIZATIONNAME = "Jake Mor";
				TargetAttributes = {
					23E169461D33F7F500431EBF = {
						CreatedOnToolsVersion = 7.3.1;
					};
				};
			};
			buildConfigurationList = 23E169421D33F7F500431EBF /* Build configuration list for PBXProject "Restaurant2" */;
			compatibilityVersion = "Xcode 3.2";
			developmentRegion = English;
			hasScannedForEncodings = 0;
			knownRegions = (
				en,
				Base,
			);
			mainGroup = 23E1693E1D33F7F500431EBF;
			productRefGroup = 23E169481D33F7F500431EBF /* Products */;
			projectDirPath = "";
			projectRoot = "";
			targets = (
				23E169461D33F7F500431EBF /* Restaurant2 */,
			);
		};
/* End PBXProject section */

/* Begin PBXResourcesBuildPhase section */
		23E169451D33F7F500431EBF /* Resources */ = {
			isa = PBXResourcesBuildPhase;
			buildActionMask = 2147483647;
			files = (
				23E169551D33F7F500431EBF /* LaunchScreen.storyboard in Resources */,
				23E169521D33F7F500431EBF /* Assets.xcassets in Resources */,
				23E169501D33F7F500431EBF /* Main.storyboard in Resources */,
			);
			runOnlyForDeploymentPostprocessing = 0;
		};
/* End PBXResourcesBuildPhase section */

/* Begin PBXShellScriptBuildPhase section */
		21C2DF8FC0B94C57E3F76606 /* 📦 Copy Pods Resources */ = {
			isa = PBXShellScriptBuildPhase;
			buildActionMask = 2147483647;
			files = (
			);
			inputPaths = (
			);
			name = "📦 Copy Pods Resources";
			outputPaths = (
			);
			runOnlyForDeploymentPostprocessing = 0;
			shellPath = /bin/sh;
			shellScript = "\"${SRCROOT}/Pods/Target Support Files/Pods-Restaurant2/Pods-Restaurant2-resources.sh\"\n";
			showEnvVarsInLog = 0;
		};
		32A6C871880BE5C6DA7D965D /* 📦 Embed Pods Frameworks */ = {
			isa = PBXShellScriptBuildPhase;
			buildActionMask = 2147483647;
			files = (
			);
			inputPaths = (
			);
			name = "📦 Embed Pods Frameworks";
			outputPaths = (
			);
			runOnlyForDeploymentPostprocessing = 0;
			shellPath = /bin/sh;
			shellScript = "\"${SRCROOT}/Pods/Target Support Files/Pods-Restaurant2/Pods-Restaurant2-frameworks.sh\"\n";
			showEnvVarsInLog = 0;
		};
		B1D613718B1E8CD633457781 /* 📦 Check Pods Manifest.lock */ = {
			isa = PBXShellScriptBuildPhase;
			buildActionMask = 2147483647;
			files = (
			);
			inputPaths = (
			);
			name = "📦 Check Pods Manifest.lock";
			outputPaths = (
			);
			runOnlyForDeploymentPostprocessing = 0;
			shellPath = /bin/sh;
			shellScript = "diff \"${PODS_ROOT}/../Podfile.lock\" \"${PODS_ROOT}/Manifest.lock\" > /dev/null\nif [[ $? != 0 ]] ; then\n    cat << EOM\nerror: The sandbox is not in sync with the Podfile.lock. Run 'pod install' or update your CocoaPods installation.\nEOM\n    exit 1\nfi\n";
			showEnvVarsInLog = 0;
		};
/* End PBXShellScriptBuildPhase section */

/* Begin PBXSourcesBuildPhase section */
		23E169431D33F7F500431EBF /* Sources */ = {
			isa = PBXSourcesBuildPhase;
			buildActionMask = 2147483647;
			files = (
				23E1694D1D33F7F500431EBF /* ViewController.swift in Sources */,
				23E1694B1D33F7F500431EBF /* AppDelegate.swift in Sources */,
			);
			runOnlyForDeploymentPostprocessing = 0;
		};
/* End PBXSourcesBuildPhase section */

/* Begin PBXVariantGroup section */
		23E1694E1D33F7F500431EBF /* Main.storyboard */ = {
			isa = PBXVariantGroup;
			children = (
				23E1694F1D33F7F500431EBF /* Base */,
			);
			name = Main.storyboard;
			sourceTree = "<group>";
		};
		23E169531D33F7F500431EBF /* LaunchScreen.storyboard */ = {
			isa = PBXVariantGroup;
			children = (
				23E169541D33F7F500431EBF /* Base */,
			);
			name = LaunchScreen.storyboard;
			sourceTree = "<group>";
		};
/* End PBXVariantGroup section */

/* Begin XCBuildConfiguration section */
		23E169571D33F7F500431EBF /* Debug */ = {
			isa = XCBuildConfiguration;
			buildSettings = {
				ALWAYS_SEARCH_USER_PATHS = NO;
				CLANG_ANALYZER_NONNULL = YES;
				CLANG_CXX_LANGUAGE_STANDARD = "gnu++0x";
				CLANG_CXX_LIBRARY = "libc++";
				CLANG_ENABLE_MODULES = YES;
				CLANG_ENABLE_OBJC_ARC = YES;
				CLANG_WARN_BOOL_CONVERSION = YES;
				CLANG_WARN_CONSTANT_CONVERSION = YES;
				CLANG_WARN_DIRECT_OBJC_ISA_USAGE = YES_ERROR;
				CLANG_WARN_EMPTY_BODY = YES;
				CLANG_WARN_ENUM_CONVERSION = YES;
				CLANG_WARN_INT_CONVERSION = YES;
				CLANG_WARN_OBJC_ROOT_CLASS = YES_ERROR;
				CLANG_WARN_UNREACHABLE_CODE = YES;
				CLANG_WARN__DUPLICATE_METHOD_MATCH = YES;
				"CODE_SIGN_IDENTITY[sdk=iphoneos*]" = "iPhone Developer";
				COPY_PHASE_STRIP = NO;
				DEBUG_INFORMATION_FORMAT = dwarf;
				ENABLE_STRICT_OBJC_MSGSEND = YES;
				ENABLE_TESTABILITY = YES;
				GCC_C_LANGUAGE_STANDARD = gnu99;
				GCC_DYNAMIC_NO_PIC = NO;
				GCC_NO_COMMON_BLOCKS = YES;
				GCC_OPTIMIZATION_LEVEL = 0;
				GCC_PREPROCESSOR_DEFINITIONS = (
					"DEBUG=1",
					"$(inherited)",
				);
				GCC_WARN_64_TO_32_BIT_CONVERSION = YES;
				GCC_WARN_ABOUT_RETURN_TYPE = YES_ERROR;
				GCC_WARN_UNDECLARED_SELECTOR = YES;
				GCC_WARN_UNINITIALIZED_AUTOS = YES_AGGRESSIVE;
				GCC_WARN_UNUSED_FUNCTION = YES;
				GCC_WARN_UNUSED_VARIABLE = YES;
				IPHONEOS_DEPLOYMENT_TARGET = 9.3;
				MTL_ENABLE_DEBUG_INFO = YES;
				ONLY_ACTIVE_ARCH = YES;
				SDKROOT = iphoneos;
				SWIFT_OPTIMIZATION_LEVEL = "-Onone";
			};
			name = Debug;
		};
		23E169581D33F7F500431EBF /* Release */ = {
			isa = XCBuildConfiguration;
			buildSettings = {
				ALWAYS_SEARCH_USER_PATHS = NO;
				CLANG_ANALYZER_NONNULL = YES;
				CLANG_CXX_LANGUAGE_STANDARD = "gnu++0x";
				CLANG_CXX_LIBRARY = "libc++";
				CLANG_ENABLE_MODULES = YES;
				CLANG_ENABLE_OBJC_ARC = YES;
				CLANG_WARN_BOOL_CONVERSION = YES;
				CLANG_WARN_CONSTANT_CONVERSION = YES;
				CLANG_WARN_DIRECT_OBJC_ISA_USAGE = YES_ERROR;
				CLANG_WARN_EMPTY_BODY = YES;
				CLANG_WARN_ENUM_CONVERSION = YES;
				CLANG_WARN_INT_CONVERSION = YES;
				CLANG_WARN_OBJC_ROOT_CLASS = YES_ERROR;
				CLANG_WARN_UNREACHABLE_CODE = YES;
				CLANG_WARN__DUPLICATE_METHOD_MATCH = YES;
				"CODE_SIGN_IDENTITY[sdk=iphoneos*]" = "iPhone Developer";
				COPY_PHASE_STRIP = NO;
				DEBUG_INFORMATION_FORMAT = "dwarf-with-dsym";
				ENABLE_NS_ASSERTIONS = NO;
				ENABLE_STRICT_OBJC_MSGSEND = YES;
				GCC_C_LANGUAGE_STANDARD = gnu99;
				GCC_NO_COMMON_BLOCKS = YES;
				GCC_WARN_64_TO_32_BIT_CONVERSION = YES;
				GCC_WARN_ABOUT_RETURN_TYPE = YES_ERROR;
				GCC_WARN_UNDECLARED_SELECTOR = YES;
				GCC_WARN_UNINITIALIZED_AUTOS = YES_AGGRESSIVE;
				GCC_WARN_UNUSED_FUNCTION = YES;
				GCC_WARN_UNUSED_VARIABLE = YES;
				IPHONEOS_DEPLOYMENT_TARGET = 9.3;
				MTL_ENABLE_DEBUG_INFO = NO;
				SDKROOT = iphoneos;
				VALIDATE_PRODUCT = YES;
			};
			name = Release;
		};
		23E1695A1D33F7F500431EBF /* Debug */ = {
			isa = XCBuildConfiguration;
			baseConfigurationReference = 5C5DF7E619264262F0F5D50F /* Pods-Restaurant2.debug.xcconfig */;
			buildSettings = {
				ASSETCATALOG_COMPILER_APPICON_NAME = AppIcon;
				INFOPLIST_FILE = Restaurant2/Info.plist;
				LD_RUNPATH_SEARCH_PATHS = "$(inherited) @executable_path/Frameworks";
				PRODUCT_BUNDLE_IDENTIFIER = jakemor.Restaurant2;
				PRODUCT_NAME = "$(TARGET_NAME)";
			};
			name = Debug;
		};
		23E1695B1D33F7F500431EBF /* Release */ = {
			isa = XCBuildConfiguration;
			baseConfigurationReference = 3646C1BEBB7E14A424787F26 /* Pods-Restaurant2.release.xcconfig */;
			buildSettings = {
				ASSETCATALOG_COMPILER_APPICON_NAME = AppIcon;
				INFOPLIST_FILE = Restaurant2/Info.plist;
				LD_RUNPATH_SEARCH_PATHS = "$(inherited) @executable_path/Frameworks";
				PRODUCT_BUNDLE_IDENTIFIER = jakemor.Restaurant2;
				PRODUCT_NAME = "$(TARGET_NAME)";
			};
			name = Release;
		};
/* End XCBuildConfiguration section */

/* Begin XCConfigurationList section */
		23E169421D33F7F500431EBF /* Build configuration list for PBXProject "Restaurant2" */ = {
			isa = XCConfigurationList;
			buildConfigurations = (
				23E169571D33F7F500431EBF /* Debug */,
				23E169581D33F7F500431EBF /* Release */,
			);
			defaultConfigurationIsVisible = 0;
			defaultConfigurationName = Release;
		};
		23E169591D33F7F500431EBF /* Build configuration list for PBXNativeTarget "Restaurant2" */ = {
			isa = XCConfigurationList;
			buildConfigurations = (
				23E1695A1D33F7F500431EBF /* Debug */,
				23E1695B1D33F7F500431EBF /* Release */,
			);
			defaultConfigurationIsVisible = 0;
			defaultConfigurationName = Release;
		};
/* End XCConfigurationList section */
	};
	rootObject = 23E1693F1D33F7F500431EBF /* Project object */;
}
